{
  "name": "e-commerce2023",
  "lockfileVersion": 3,
  "requires": true,
  "packages": {
    "": {
      "dependencies": {
        "@types/mercadopago": "^1.5.11"
      }
    },
    "node_modules/@types/mercadopago": {
      "version": "1.5.11",
      "resolved": "https://registry.npmjs.org/@types/mercadopago/-/mercadopago-1.5.11.tgz",
      "integrity": "sha512-ligRLboSSLYRzwI1oE27wO+AkZXvCsq2YwBThfH5H+byqCkQEAnmr6Nl1HRAdiZCfIPK2eK0b1rgiuatjZWd2g==",
      "license": "MIT"
    }
  }
}
